
Microsoft Visual Studio Solution File, Format Version 12.00
# Visual Studio Version 17
VisualStudioVersion = 17.6.33815.320
MinimumVisualStudioVersion = 10.0.40219.1
Project("{FAE04EC0-301F-11D3-BF4B-00C04F79EFBC}") = "foreach", "foreach\foreach.csproj", "{A650892C-2755-413A-88A6-4685A88E0D9A}"
EndProject
Global
	GlobalSection(SolutionConfigurationPlatforms) = preSolution
		Debug|Any CPU = Debug|Any CPU
		Release|Any CPU = Release|Any CPU
	EndGlobalSection
	GlobalSection(ProjectConfigurationPlatforms) = postSolution
		{A650892C-2755-413A-88A6-4685A88E0D9A}.Debug|Any CPU.ActiveCfg = Debug|Any CPU
		{A650892C-2755-413A-88A6-4685A88E0D9A}.Debug|Any CPU.Build.0 = Debug|Any CPU
		{A650892C-2755-413A-88A6-4685A88E0D9A}.Release|Any CPU.ActiveCfg = Release|Any CPU
		{A650892C-2755-413A-88A6-4685A88E0D9A}.Release|Any CPU.Build.0 = Release|Any CPU
	EndGlobalSection
	GlobalSection(SolutionProperties) = preSolution
		HideSolutionNode = FALSE
	EndGlobalSection
	GlobalSection(ExtensibilityGlobals) = postSolution
		SolutionGuid = {28D55470-9123-427D-9C99-274BF37C2600}
	EndGlobalSection
EndGlobal
